
Microsoft Visual Studio Solution File, Format Version 12.00
# Visual Studio 2013
VisualStudioVersion = 12.0.31101.0
MinimumVisualStudioVersion = 10.0.40219.1
Project("{FAE04EC0-301F-11D3-BF4B-00C04F79EFBC}") = "SampleXunitTest", "SampleXunitTest\SampleXunitTest.csproj", "{479A9568-74D6-478A-8F70-1EC5461AFB7A}"
EndProject
Project("{FAE04EC0-301F-11D3-BF4B-00C04F79EFBC}") = "XunitBenchTest1", "XunitBenchTest1\XunitBenchTest1.csproj", "{6BD32E0B-5EFC-4599-BEDC-CB819F9A997E}"
EndProject
Global
	GlobalSection(SolutionConfigurationPlatforms) = preSolution
		Debug|Any CPU = Debug|Any CPU
		Release|Any CPU = Release|Any CPU
	EndGlobalSection
	GlobalSection(ProjectConfigurationPlatforms) = postSolution
		{479A9568-74D6-478A-8F70-1EC5461AFB7A}.Debug|Any CPU.ActiveCfg = Debug|Any CPU
		{479A9568-74D6-478A-8F70-1EC5461AFB7A}.Debug|Any CPU.Build.0 = Debug|Any CPU
		{479A9568-74D6-478A-8F70-1EC5461AFB7A}.Release|Any CPU.ActiveCfg = Release|Any CPU
		{479A9568-74D6-478A-8F70-1EC5461AFB7A}.Release|Any CPU.Build.0 = Release|Any CPU
		{6BD32E0B-5EFC-4599-BEDC-CB819F9A997E}.Debug|Any CPU.ActiveCfg = Debug|Any CPU
		{6BD32E0B-5EFC-4599-BEDC-CB819F9A997E}.Debug|Any CPU.Build.0 = Debug|Any CPU
		{6BD32E0B-5EFC-4599-BEDC-CB819F9A997E}.Release|Any CPU.ActiveCfg = Release|Any CPU
		{6BD32E0B-5EFC-4599-BEDC-CB819F9A997E}.Release|Any CPU.Build.0 = Release|Any CPU
	EndGlobalSection
	GlobalSection(SolutionProperties) = preSolution
		HideSolutionNode = FALSE
	EndGlobalSection
EndGlobal
