
Microsoft Visual Studio Solution File, Format Version 12.00
# Visual Studio 2013
VisualStudioVersion = 12.0.31101.0
MinimumVisualStudioVersion = 10.0.40219.1
Project("{FAE04EC0-301F-11D3-BF4B-00C04F79EFBC}") = "SampleXunitTest", "SampleXunitTest\SampleXunitTest.csproj", "{479A9568-74D6-478A-8F70-1EC5461AFB7A}"
EndProject
Project("{FAE04EC0-301F-11D3-BF4B-00C04F79EFBC}") = "XunitBenchTest1", "XunitBenchTest1\XunitBenchTest1.csproj", "{6BD32E0B-5EFC-4599-BEDC-CB819F9A997E}"
EndProject
Project("{2150E333-8FDC-42A3-9474-1A3956D46DE8}") = ".nuget", ".nuget", "{1A3ADB18-A8F9-447C-BF4E-A50046243D9D}"
	ProjectSection(SolutionItems) = preProject
		.nuget\packages.config = .nuget\packages.config
	EndProjectSection
EndProject
Project("{FAE04EC0-301F-11D3-BF4B-00C04F79EFBC}") = "xunit.abstractions.pcl", "xunit\src\xunit.abstractions.pcl\xunit.abstractions.pcl.csproj", "{77743589-F177-4007-97B8-50B82A1C7044}"
EndProject
Project("{2150E333-8FDC-42A3-9474-1A3956D46DE8}") = "Xunit", "Xunit", "{EBCF376A-525A-4616-BBBA-BC58C36D5FD3}"
EndProject
Project("{FAE04EC0-301F-11D3-BF4B-00C04F79EFBC}") = "xunit.core", "xunit\src\xunit.core\xunit.core.csproj", "{1B843C0F-8E08-4BA9-8C85-EEAF779A0774}"
EndProject
Project("{FAE04EC0-301F-11D3-BF4B-00C04F79EFBC}") = "xunit.abstractions.net35", "xunit\src\xunit.abstractions.net35\xunit.abstractions.net35.csproj", "{53012549-D81B-4E40-B626-67C19265AA6F}"
EndProject
Project("{FAE04EC0-301F-11D3-BF4B-00C04F79EFBC}") = "xunit.execution.net45", "xunit\src\xunit.execution.net45\xunit.execution.net45.csproj", "{09EF9917-4B00-4646-8C3F-96EFACC8BF51}"
EndProject
Project("{FAE04EC0-301F-11D3-BF4B-00C04F79EFBC}") = "xunit.console", "xunit\src\xunit.console\xunit.console.csproj", "{19C75545-5E0E-4E38-9995-511ED2DF6D30}"
EndProject
Project("{FAE04EC0-301F-11D3-BF4B-00C04F79EFBC}") = "xunit.runner.utility.net35", "xunit\src\xunit.runner.utility.net35\xunit.runner.utility.net35.csproj", "{EFC3F529-3686-416B-9C67-36EC914C776A}"
EndProject
Project("{FAE04EC0-301F-11D3-BF4B-00C04F79EFBC}") = "Microsoft.Xunit.Benchmark", "Microsoft.Xunit.Benchmark\Microsoft.Xunit.Benchmark.csproj", "{DF967787-FE96-4B48-A364-D23ECC7E8E49}"
EndProject
Global
	GlobalSection(SolutionConfigurationPlatforms) = preSolution
		Debug|Any CPU = Debug|Any CPU
		Release|Any CPU = Release|Any CPU
	EndGlobalSection
	GlobalSection(ProjectConfigurationPlatforms) = postSolution
		{479A9568-74D6-478A-8F70-1EC5461AFB7A}.Debug|Any CPU.ActiveCfg = Debug|Any CPU
		{479A9568-74D6-478A-8F70-1EC5461AFB7A}.Debug|Any CPU.Build.0 = Debug|Any CPU
		{479A9568-74D6-478A-8F70-1EC5461AFB7A}.Release|Any CPU.ActiveCfg = Release|Any CPU
		{479A9568-74D6-478A-8F70-1EC5461AFB7A}.Release|Any CPU.Build.0 = Release|Any CPU
		{6BD32E0B-5EFC-4599-BEDC-CB819F9A997E}.Debug|Any CPU.ActiveCfg = Debug|Any CPU
		{6BD32E0B-5EFC-4599-BEDC-CB819F9A997E}.Debug|Any CPU.Build.0 = Debug|Any CPU
		{6BD32E0B-5EFC-4599-BEDC-CB819F9A997E}.Release|Any CPU.ActiveCfg = Release|Any CPU
		{6BD32E0B-5EFC-4599-BEDC-CB819F9A997E}.Release|Any CPU.Build.0 = Release|Any CPU
		{77743589-F177-4007-97B8-50B82A1C7044}.Debug|Any CPU.ActiveCfg = Debug|Any CPU
		{77743589-F177-4007-97B8-50B82A1C7044}.Debug|Any CPU.Build.0 = Debug|Any CPU
		{77743589-F177-4007-97B8-50B82A1C7044}.Release|Any CPU.ActiveCfg = Release|Any CPU
		{77743589-F177-4007-97B8-50B82A1C7044}.Release|Any CPU.Build.0 = Release|Any CPU
		{1B843C0F-8E08-4BA9-8C85-EEAF779A0774}.Debug|Any CPU.ActiveCfg = Debug|Any CPU
		{1B843C0F-8E08-4BA9-8C85-EEAF779A0774}.Debug|Any CPU.Build.0 = Debug|Any CPU
		{1B843C0F-8E08-4BA9-8C85-EEAF779A0774}.Release|Any CPU.ActiveCfg = Release|Any CPU
		{1B843C0F-8E08-4BA9-8C85-EEAF779A0774}.Release|Any CPU.Build.0 = Release|Any CPU
		{53012549-D81B-4E40-B626-67C19265AA6F}.Debug|Any CPU.ActiveCfg = Debug|Any CPU
		{53012549-D81B-4E40-B626-67C19265AA6F}.Debug|Any CPU.Build.0 = Debug|Any CPU
		{53012549-D81B-4E40-B626-67C19265AA6F}.Release|Any CPU.ActiveCfg = Release|Any CPU
		{53012549-D81B-4E40-B626-67C19265AA6F}.Release|Any CPU.Build.0 = Release|Any CPU
		{09EF9917-4B00-4646-8C3F-96EFACC8BF51}.Debug|Any CPU.ActiveCfg = Debug|Any CPU
		{09EF9917-4B00-4646-8C3F-96EFACC8BF51}.Debug|Any CPU.Build.0 = Debug|Any CPU
		{09EF9917-4B00-4646-8C3F-96EFACC8BF51}.Release|Any CPU.ActiveCfg = Release|Any CPU
		{09EF9917-4B00-4646-8C3F-96EFACC8BF51}.Release|Any CPU.Build.0 = Release|Any CPU
		{19C75545-5E0E-4E38-9995-511ED2DF6D30}.Debug|Any CPU.ActiveCfg = Debug|Any CPU
		{19C75545-5E0E-4E38-9995-511ED2DF6D30}.Debug|Any CPU.Build.0 = Debug|Any CPU
		{19C75545-5E0E-4E38-9995-511ED2DF6D30}.Release|Any CPU.ActiveCfg = Release|Any CPU
		{19C75545-5E0E-4E38-9995-511ED2DF6D30}.Release|Any CPU.Build.0 = Release|Any CPU
		{EFC3F529-3686-416B-9C67-36EC914C776A}.Debug|Any CPU.ActiveCfg = Debug|Any CPU
		{EFC3F529-3686-416B-9C67-36EC914C776A}.Debug|Any CPU.Build.0 = Debug|Any CPU
		{EFC3F529-3686-416B-9C67-36EC914C776A}.Release|Any CPU.ActiveCfg = Release|Any CPU
		{EFC3F529-3686-416B-9C67-36EC914C776A}.Release|Any CPU.Build.0 = Release|Any CPU
		{DF967787-FE96-4B48-A364-D23ECC7E8E49}.Debug|Any CPU.ActiveCfg = Debug|Any CPU
		{DF967787-FE96-4B48-A364-D23ECC7E8E49}.Debug|Any CPU.Build.0 = Debug|Any CPU
		{DF967787-FE96-4B48-A364-D23ECC7E8E49}.Release|Any CPU.ActiveCfg = Release|Any CPU
		{DF967787-FE96-4B48-A364-D23ECC7E8E49}.Release|Any CPU.Build.0 = Release|Any CPU
	EndGlobalSection
	GlobalSection(SolutionProperties) = preSolution
		HideSolutionNode = FALSE
	EndGlobalSection
	GlobalSection(NestedProjects) = preSolution
		{77743589-F177-4007-97B8-50B82A1C7044} = {EBCF376A-525A-4616-BBBA-BC58C36D5FD3}
		{1B843C0F-8E08-4BA9-8C85-EEAF779A0774} = {EBCF376A-525A-4616-BBBA-BC58C36D5FD3}
		{53012549-D81B-4E40-B626-67C19265AA6F} = {EBCF376A-525A-4616-BBBA-BC58C36D5FD3}
		{09EF9917-4B00-4646-8C3F-96EFACC8BF51} = {EBCF376A-525A-4616-BBBA-BC58C36D5FD3}
		{19C75545-5E0E-4E38-9995-511ED2DF6D30} = {EBCF376A-525A-4616-BBBA-BC58C36D5FD3}
		{EFC3F529-3686-416B-9C67-36EC914C776A} = {EBCF376A-525A-4616-BBBA-BC58C36D5FD3}
	EndGlobalSection
EndGlobal
